
Microsoft Visual Studio Solution File, Format Version 12.00
# Visual Studio Version 16
VisualStudioVersion = 16.0.30114.105
MinimumVisualStudioVersion = 10.0.40219.1
Project("{8BC9CEB8-8B4A-11D0-8D11-00A0C91BC942}") = "MTE140_Final", "MTE140_Final.vcxproj", "{E62FFAB1-0273-4D79-8E9B-DD13B14D08D3}"
EndProject
Global
	GlobalSection(SolutionConfigurationPlatforms) = preSolution
		Debug|x64 = Debug|x64
		Debug|x86 = Debug|x86
		Release|x64 = Release|x64
		Release|x86 = Release|x86
	EndGlobalSection
	GlobalSection(ProjectConfigurationPlatforms) = postSolution
		{E62FFAB1-0273-4D79-8E9B-DD13B14D08D3}.Debug|x64.ActiveCfg = Debug|x64
		{E62FFAB1-0273-4D79-8E9B-DD13B14D08D3}.Debug|x64.Build.0 = Debug|x64
		{E62FFAB1-0273-4D79-8E9B-DD13B14D08D3}.Debug|x86.ActiveCfg = Debug|Win32
		{E62FFAB1-0273-4D79-8E9B-DD13B14D08D3}.Debug|x86.Build.0 = Debug|Win32
		{E62FFAB1-0273-4D79-8E9B-DD13B14D08D3}.Release|x64.ActiveCfg = Release|x64
		{E62FFAB1-0273-4D79-8E9B-DD13B14D08D3}.Release|x64.Build.0 = Release|x64
		{E62FFAB1-0273-4D79-8E9B-DD13B14D08D3}.Release|x86.ActiveCfg = Release|x64
		{E62FFAB1-0273-4D79-8E9B-DD13B14D08D3}.Release|x86.Build.0 = Release|x64
	EndGlobalSection
	GlobalSection(SolutionProperties) = preSolution
		HideSolutionNode = FALSE
	EndGlobalSection
	GlobalSection(ExtensibilityGlobals) = postSolution
		SolutionGuid = {E9EB6FCE-66DA-462F-AA79-73C6A223AD6D}
	EndGlobalSection
EndGlobal
